
Microsoft Visual Studio Solution File, Format Version 12.00
# Visual Studio Version 17
VisualStudioVersion = 17.4.33122.133
MinimumVisualStudioVersion = 10.0.40219.1
Project("{FAE04EC0-301F-11D3-BF4B-00C04F79EFBC}") = "CaptainsComms", "CaptainsComms\CaptainsComms.csproj", "{A090ABDF-DCA5-459C-893C-6CD81A538805}"
EndProject
Global
	GlobalSection(SolutionConfigurationPlatforms) = preSolution
		Debug|Any CPU = Debug|Any CPU
		Release|Any CPU = Release|Any CPU
	EndGlobalSection
	GlobalSection(ProjectConfigurationPlatforms) = postSolution
		{A090ABDF-DCA5-459C-893C-6CD81A538805}.Debug|Any CPU.ActiveCfg = Debug|Any CPU
		{A090ABDF-DCA5-459C-893C-6CD81A538805}.Debug|Any CPU.Build.0 = Debug|Any CPU
		{A090ABDF-DCA5-459C-893C-6CD81A538805}.Release|Any CPU.ActiveCfg = Release|Any CPU
		{A090ABDF-DCA5-459C-893C-6CD81A538805}.Release|Any CPU.Build.0 = Release|Any CPU
	EndGlobalSection
	GlobalSection(SolutionProperties) = preSolution
		HideSolutionNode = FALSE
	EndGlobalSection
	GlobalSection(ExtensibilityGlobals) = postSolution
		SolutionGuid = {24430EC3-5B46-45EB-B834-59C3ACF2E8DA}
	EndGlobalSection
EndGlobal
